
Microsoft Visual Studio Solution File, Format Version 12.00
# Visual Studio Version 17
VisualStudioVersion = 17.13.35828.75 d17.13
MinimumVisualStudioVersion = 10.0.40219.1
Project("{FAE04EC0-301F-11D3-BF4B-00C04F79EFBC}") = "Presentation", "Presentation\Presentation.csproj", "{230AF708-73FE-4C7F-8F2A-3E6FD417EBA3}"
EndProject
Project("{FAE04EC0-301F-11D3-BF4B-00C04F79EFBC}") = "Data", "Data\Data.csproj", "{49CF1C85-0156-4D23-BAA8-DC60F24E62B6}"
EndProject
Project("{FAE04EC0-301F-11D3-BF4B-00C04F79EFBC}") = "Business", "Business\Business.csproj", "{B210C5A7-7B44-42EC-BAD5-70C2EF3499EE}"
EndProject
Global
	GlobalSection(SolutionConfigurationPlatforms) = preSolution
		Debug|Any CPU = Debug|Any CPU
		Release|Any CPU = Release|Any CPU
	EndGlobalSection
	GlobalSection(ProjectConfigurationPlatforms) = postSolution
		{230AF708-73FE-4C7F-8F2A-3E6FD417EBA3}.Debug|Any CPU.ActiveCfg = Debug|Any CPU
		{230AF708-73FE-4C7F-8F2A-3E6FD417EBA3}.Debug|Any CPU.Build.0 = Debug|Any CPU
		{230AF708-73FE-4C7F-8F2A-3E6FD417EBA3}.Release|Any CPU.ActiveCfg = Release|Any CPU
		{230AF708-73FE-4C7F-8F2A-3E6FD417EBA3}.Release|Any CPU.Build.0 = Release|Any CPU
		{49CF1C85-0156-4D23-BAA8-DC60F24E62B6}.Debug|Any CPU.ActiveCfg = Debug|Any CPU
		{49CF1C85-0156-4D23-BAA8-DC60F24E62B6}.Debug|Any CPU.Build.0 = Debug|Any CPU
		{49CF1C85-0156-4D23-BAA8-DC60F24E62B6}.Release|Any CPU.ActiveCfg = Release|Any CPU
		{49CF1C85-0156-4D23-BAA8-DC60F24E62B6}.Release|Any CPU.Build.0 = Release|Any CPU
		{B210C5A7-7B44-42EC-BAD5-70C2EF3499EE}.Debug|Any CPU.ActiveCfg = Debug|Any CPU
		{B210C5A7-7B44-42EC-BAD5-70C2EF3499EE}.Debug|Any CPU.Build.0 = Debug|Any CPU
		{B210C5A7-7B44-42EC-BAD5-70C2EF3499EE}.Release|Any CPU.ActiveCfg = Release|Any CPU
		{B210C5A7-7B44-42EC-BAD5-70C2EF3499EE}.Release|Any CPU.Build.0 = Release|Any CPU
	EndGlobalSection
	GlobalSection(SolutionProperties) = preSolution
		HideSolutionNode = FALSE
	EndGlobalSection
	GlobalSection(ExtensibilityGlobals) = postSolution
		SolutionGuid = {C3C7C689-8B0E-4832-8F19-83A24B30DD17}
	EndGlobalSection
EndGlobal
